
Microsoft Visual Studio Solution File, Format Version 12.00
# Visual Studio 15
VisualStudioVersion = 15.0.26228.10
MinimumVisualStudioVersion = 10.0.40219.1
Project("{2150E333-8FDC-42A3-9474-1A3956D46DE8}") = "src", "src", "{DAC729DF-8F8B-401E-A81C-D426E78A6AC0}"
EndProject
Project("{2150E333-8FDC-42A3-9474-1A3956D46DE8}") = "Solution Items", "Solution Items", "{F8B683B0-33B2-44A0-83D0-51CFBFF0F441}"
	ProjectSection(SolutionItems) = preProject
		Notes.txt = Notes.txt
		README.md = README.md
	EndProjectSection
EndProject
Project("{2150E333-8FDC-42A3-9474-1A3956D46DE8}") = "test", "test", "{E8583F3E-293A-4199-992A-0A4771C0D06B}"
EndProject
Project("{9A19103F-16F7-4668-BE54-9A1E7A4F7556}") = "A4U3.TestTools", "test\A4U3.TestTools\A4U3.TestTools.csproj", "{DD113616-5CA8-47B8-94A4-B712C3BE1D11}"
EndProject
Project("{9A19103F-16F7-4668-BE54-9A1E7A4F7556}") = "A4U3.Domain", "src\A4U3.Domain\A4U3.Domain.csproj", "{0D617A21-0E99-43B4-8F2E-D36E6092402A}"
EndProject
Project("{9A19103F-16F7-4668-BE54-9A1E7A4F7556}") = "A4U3.EFContext", "src\A4U3.EFContext\A4U3.EFContext.csproj", "{573AF1F1-9CBE-4060-B7EE-A52C1B88E6A7}"
EndProject
Project("{9A19103F-16F7-4668-BE54-9A1E7A4F7556}") = "A4U3.Repository", "src\A4U3.Repository\A4U3.Repository.csproj", "{47FED20D-3093-4DAA-AD78-0129A32F6D38}"
EndProject
Project("{9A19103F-16F7-4668-BE54-9A1E7A4F7556}") = "A4U3.Web", "src\A4U3.Web\A4U3.Web.csproj", "{EECA8573-B982-4085-94AB-94631E7E31A5}"
EndProject
Project("{9A19103F-16F7-4668-BE54-9A1E7A4F7556}") = "A4U3.MiscTests", "test\A4U3.MiscTests\A4U3.MiscTests.csproj", "{0FE3D816-1F96-4706-AB8B-E8774C5C6DF8}"
EndProject
Project("{9A19103F-16F7-4668-BE54-9A1E7A4F7556}") = "A4U3.IntegrationTest", "test\A4U3.IntegrationTest\A4U3.IntegrationTest.csproj", "{D1946332-BAFF-449F-B882-E7C47DEEAAD9}"
EndProject
Project("{9A19103F-16F7-4668-BE54-9A1E7A4F7556}") = "A4U3.IntegrationTests2", "test\A4U3.IntegrationTests2\A4U3.IntegrationTests2.csproj", "{33D0E2F8-F2BC-49CC-BFB4-5FE6116250F6}"
EndProject
Project("{9A19103F-16F7-4668-BE54-9A1E7A4F7556}") = "A4U3.Integrationtests3", "test\A4U3.Integrationtests3\A4U3.Integrationtests3.csproj", "{7D04E4DF-FA21-4BBA-8301-7B15CEF050A3}"
EndProject
Global
	GlobalSection(SolutionConfigurationPlatforms) = preSolution
		Debug|Any CPU = Debug|Any CPU
		Release|Any CPU = Release|Any CPU
	EndGlobalSection
	GlobalSection(ProjectConfigurationPlatforms) = postSolution
		{DD113616-5CA8-47B8-94A4-B712C3BE1D11}.Debug|Any CPU.ActiveCfg = Debug|Any CPU
		{DD113616-5CA8-47B8-94A4-B712C3BE1D11}.Debug|Any CPU.Build.0 = Debug|Any CPU
		{DD113616-5CA8-47B8-94A4-B712C3BE1D11}.Release|Any CPU.ActiveCfg = Release|Any CPU
		{DD113616-5CA8-47B8-94A4-B712C3BE1D11}.Release|Any CPU.Build.0 = Release|Any CPU
		{0D617A21-0E99-43B4-8F2E-D36E6092402A}.Debug|Any CPU.ActiveCfg = Debug|Any CPU
		{0D617A21-0E99-43B4-8F2E-D36E6092402A}.Debug|Any CPU.Build.0 = Debug|Any CPU
		{0D617A21-0E99-43B4-8F2E-D36E6092402A}.Release|Any CPU.ActiveCfg = Release|Any CPU
		{0D617A21-0E99-43B4-8F2E-D36E6092402A}.Release|Any CPU.Build.0 = Release|Any CPU
		{573AF1F1-9CBE-4060-B7EE-A52C1B88E6A7}.Debug|Any CPU.ActiveCfg = Debug|Any CPU
		{573AF1F1-9CBE-4060-B7EE-A52C1B88E6A7}.Debug|Any CPU.Build.0 = Debug|Any CPU
		{573AF1F1-9CBE-4060-B7EE-A52C1B88E6A7}.Release|Any CPU.ActiveCfg = Release|Any CPU
		{573AF1F1-9CBE-4060-B7EE-A52C1B88E6A7}.Release|Any CPU.Build.0 = Release|Any CPU
		{47FED20D-3093-4DAA-AD78-0129A32F6D38}.Debug|Any CPU.ActiveCfg = Debug|Any CPU
		{47FED20D-3093-4DAA-AD78-0129A32F6D38}.Debug|Any CPU.Build.0 = Debug|Any CPU
		{47FED20D-3093-4DAA-AD78-0129A32F6D38}.Release|Any CPU.ActiveCfg = Release|Any CPU
		{47FED20D-3093-4DAA-AD78-0129A32F6D38}.Release|Any CPU.Build.0 = Release|Any CPU
		{EECA8573-B982-4085-94AB-94631E7E31A5}.Debug|Any CPU.ActiveCfg = Debug|Any CPU
		{EECA8573-B982-4085-94AB-94631E7E31A5}.Debug|Any CPU.Build.0 = Debug|Any CPU
		{EECA8573-B982-4085-94AB-94631E7E31A5}.Release|Any CPU.ActiveCfg = Release|Any CPU
		{EECA8573-B982-4085-94AB-94631E7E31A5}.Release|Any CPU.Build.0 = Release|Any CPU
		{0FE3D816-1F96-4706-AB8B-E8774C5C6DF8}.Debug|Any CPU.ActiveCfg = Debug|Any CPU
		{0FE3D816-1F96-4706-AB8B-E8774C5C6DF8}.Debug|Any CPU.Build.0 = Debug|Any CPU
		{0FE3D816-1F96-4706-AB8B-E8774C5C6DF8}.Release|Any CPU.ActiveCfg = Release|Any CPU
		{0FE3D816-1F96-4706-AB8B-E8774C5C6DF8}.Release|Any CPU.Build.0 = Release|Any CPU
		{D1946332-BAFF-449F-B882-E7C47DEEAAD9}.Debug|Any CPU.ActiveCfg = Debug|Any CPU
		{D1946332-BAFF-449F-B882-E7C47DEEAAD9}.Debug|Any CPU.Build.0 = Debug|Any CPU
		{D1946332-BAFF-449F-B882-E7C47DEEAAD9}.Release|Any CPU.ActiveCfg = Release|Any CPU
		{D1946332-BAFF-449F-B882-E7C47DEEAAD9}.Release|Any CPU.Build.0 = Release|Any CPU
		{33D0E2F8-F2BC-49CC-BFB4-5FE6116250F6}.Debug|Any CPU.ActiveCfg = Debug|Any CPU
		{33D0E2F8-F2BC-49CC-BFB4-5FE6116250F6}.Debug|Any CPU.Build.0 = Debug|Any CPU
		{33D0E2F8-F2BC-49CC-BFB4-5FE6116250F6}.Release|Any CPU.ActiveCfg = Release|Any CPU
		{33D0E2F8-F2BC-49CC-BFB4-5FE6116250F6}.Release|Any CPU.Build.0 = Release|Any CPU
		{7D04E4DF-FA21-4BBA-8301-7B15CEF050A3}.Debug|Any CPU.ActiveCfg = Debug|Any CPU
		{7D04E4DF-FA21-4BBA-8301-7B15CEF050A3}.Debug|Any CPU.Build.0 = Debug|Any CPU
		{7D04E4DF-FA21-4BBA-8301-7B15CEF050A3}.Release|Any CPU.ActiveCfg = Release|Any CPU
		{7D04E4DF-FA21-4BBA-8301-7B15CEF050A3}.Release|Any CPU.Build.0 = Release|Any CPU
	EndGlobalSection
	GlobalSection(SolutionProperties) = preSolution
		HideSolutionNode = FALSE
	EndGlobalSection
	GlobalSection(NestedProjects) = preSolution
		{DD113616-5CA8-47B8-94A4-B712C3BE1D11} = {E8583F3E-293A-4199-992A-0A4771C0D06B}
		{0D617A21-0E99-43B4-8F2E-D36E6092402A} = {DAC729DF-8F8B-401E-A81C-D426E78A6AC0}
		{573AF1F1-9CBE-4060-B7EE-A52C1B88E6A7} = {DAC729DF-8F8B-401E-A81C-D426E78A6AC0}
		{47FED20D-3093-4DAA-AD78-0129A32F6D38} = {DAC729DF-8F8B-401E-A81C-D426E78A6AC0}
		{EECA8573-B982-4085-94AB-94631E7E31A5} = {DAC729DF-8F8B-401E-A81C-D426E78A6AC0}
		{0FE3D816-1F96-4706-AB8B-E8774C5C6DF8} = {E8583F3E-293A-4199-992A-0A4771C0D06B}
		{D1946332-BAFF-449F-B882-E7C47DEEAAD9} = {E8583F3E-293A-4199-992A-0A4771C0D06B}
		{33D0E2F8-F2BC-49CC-BFB4-5FE6116250F6} = {E8583F3E-293A-4199-992A-0A4771C0D06B}
		{7D04E4DF-FA21-4BBA-8301-7B15CEF050A3} = {E8583F3E-293A-4199-992A-0A4771C0D06B}
	EndGlobalSection
EndGlobal
